
Microsoft Visual Studio Solution File, Format Version 12.00
# Visual Studio Version 17
VisualStudioVersion = 17.7.34009.444
MinimumVisualStudioVersion = 10.0.40219.1
Project("{8BC9CEB8-8B4A-11D0-8D11-00A0C91BC942}") = "Code19-1_Stack-Fence", "Code19-1_Stack-Fence\Code19-1_Stack-Fence.vcxproj", "{9CAC20DD-C210-41FE-80AB-E7EC895E02BA}"
EndProject
Project("{8BC9CEB8-8B4A-11D0-8D11-00A0C91BC942}") = "Queue-Josephus", "Queue-Josephus\Queue-Josephus.vcxproj", "{D31BE82A-2E79-4330-9C24-D4BFD342EC90}"
EndProject
Project("{8BC9CEB8-8B4A-11D0-8D11-00A0C91BC942}") = "Code19-2_Brackets2", "Code19-2_Brackets2\Code19-2_Brackets2.vcxproj", "{AD78CCD8-33DF-4B9E-BD46-7B543E1F60C8}"
EndProject
Project("{8BC9CEB8-8B4A-11D0-8D11-00A0C91BC942}") = "Code19-3_ITES1", "Code19-3_ITES1\Code19-3_ITES1.vcxproj", "{BA7E4B65-7185-4518-B8E9-922EB2FCB02F}"
EndProject
Project("{8BC9CEB8-8B4A-11D0-8D11-00A0C91BC942}") = "Code19-4_ITES2", "Code19-4_ITES2\Code19-4_ITES2.vcxproj", "{481EFE61-E2BD-4499-8B45-0F035845B1C9}"
EndProject
Project("{8BC9CEB8-8B4A-11D0-8D11-00A0C91BC942}") = "Code19-5_ITES3-Online", "Code19-5_ITES3-Online\Code19-5_ITES3-Online.vcxproj", "{534567A0-5D2C-4849-AC6A-D3D3C34686D2}"
EndProject
Global
	GlobalSection(SolutionConfigurationPlatforms) = preSolution
		Debug|x64 = Debug|x64
		Debug|x86 = Debug|x86
		Release|x64 = Release|x64
		Release|x86 = Release|x86
	EndGlobalSection
	GlobalSection(ProjectConfigurationPlatforms) = postSolution
		{9CAC20DD-C210-41FE-80AB-E7EC895E02BA}.Debug|x64.ActiveCfg = Debug|x64
		{9CAC20DD-C210-41FE-80AB-E7EC895E02BA}.Debug|x64.Build.0 = Debug|x64
		{9CAC20DD-C210-41FE-80AB-E7EC895E02BA}.Debug|x86.ActiveCfg = Debug|Win32
		{9CAC20DD-C210-41FE-80AB-E7EC895E02BA}.Debug|x86.Build.0 = Debug|Win32
		{9CAC20DD-C210-41FE-80AB-E7EC895E02BA}.Release|x64.ActiveCfg = Release|x64
		{9CAC20DD-C210-41FE-80AB-E7EC895E02BA}.Release|x64.Build.0 = Release|x64
		{9CAC20DD-C210-41FE-80AB-E7EC895E02BA}.Release|x86.ActiveCfg = Release|Win32
		{9CAC20DD-C210-41FE-80AB-E7EC895E02BA}.Release|x86.Build.0 = Release|Win32
		{D31BE82A-2E79-4330-9C24-D4BFD342EC90}.Debug|x64.ActiveCfg = Debug|x64
		{D31BE82A-2E79-4330-9C24-D4BFD342EC90}.Debug|x64.Build.0 = Debug|x64
		{D31BE82A-2E79-4330-9C24-D4BFD342EC90}.Debug|x86.ActiveCfg = Debug|Win32
		{D31BE82A-2E79-4330-9C24-D4BFD342EC90}.Debug|x86.Build.0 = Debug|Win32
		{D31BE82A-2E79-4330-9C24-D4BFD342EC90}.Release|x64.ActiveCfg = Release|x64
		{D31BE82A-2E79-4330-9C24-D4BFD342EC90}.Release|x64.Build.0 = Release|x64
		{D31BE82A-2E79-4330-9C24-D4BFD342EC90}.Release|x86.ActiveCfg = Release|Win32
		{D31BE82A-2E79-4330-9C24-D4BFD342EC90}.Release|x86.Build.0 = Release|Win32
		{AD78CCD8-33DF-4B9E-BD46-7B543E1F60C8}.Debug|x64.ActiveCfg = Debug|x64
		{AD78CCD8-33DF-4B9E-BD46-7B543E1F60C8}.Debug|x64.Build.0 = Debug|x64
		{AD78CCD8-33DF-4B9E-BD46-7B543E1F60C8}.Debug|x86.ActiveCfg = Debug|Win32
		{AD78CCD8-33DF-4B9E-BD46-7B543E1F60C8}.Debug|x86.Build.0 = Debug|Win32
		{AD78CCD8-33DF-4B9E-BD46-7B543E1F60C8}.Release|x64.ActiveCfg = Release|x64
		{AD78CCD8-33DF-4B9E-BD46-7B543E1F60C8}.Release|x64.Build.0 = Release|x64
		{AD78CCD8-33DF-4B9E-BD46-7B543E1F60C8}.Release|x86.ActiveCfg = Release|Win32
		{AD78CCD8-33DF-4B9E-BD46-7B543E1F60C8}.Release|x86.Build.0 = Release|Win32
		{BA7E4B65-7185-4518-B8E9-922EB2FCB02F}.Debug|x64.ActiveCfg = Debug|x64
		{BA7E4B65-7185-4518-B8E9-922EB2FCB02F}.Debug|x64.Build.0 = Debug|x64
		{BA7E4B65-7185-4518-B8E9-922EB2FCB02F}.Debug|x86.ActiveCfg = Debug|Win32
		{BA7E4B65-7185-4518-B8E9-922EB2FCB02F}.Debug|x86.Build.0 = Debug|Win32
		{BA7E4B65-7185-4518-B8E9-922EB2FCB02F}.Release|x64.ActiveCfg = Release|x64
		{BA7E4B65-7185-4518-B8E9-922EB2FCB02F}.Release|x64.Build.0 = Release|x64
		{BA7E4B65-7185-4518-B8E9-922EB2FCB02F}.Release|x86.ActiveCfg = Release|Win32
		{BA7E4B65-7185-4518-B8E9-922EB2FCB02F}.Release|x86.Build.0 = Release|Win32
		{481EFE61-E2BD-4499-8B45-0F035845B1C9}.Debug|x64.ActiveCfg = Debug|x64
		{481EFE61-E2BD-4499-8B45-0F035845B1C9}.Debug|x64.Build.0 = Debug|x64
		{481EFE61-E2BD-4499-8B45-0F035845B1C9}.Debug|x86.ActiveCfg = Debug|Win32
		{481EFE61-E2BD-4499-8B45-0F035845B1C9}.Debug|x86.Build.0 = Debug|Win32
		{481EFE61-E2BD-4499-8B45-0F035845B1C9}.Release|x64.ActiveCfg = Release|x64
		{481EFE61-E2BD-4499-8B45-0F035845B1C9}.Release|x64.Build.0 = Release|x64
		{481EFE61-E2BD-4499-8B45-0F035845B1C9}.Release|x86.ActiveCfg = Release|Win32
		{481EFE61-E2BD-4499-8B45-0F035845B1C9}.Release|x86.Build.0 = Release|Win32
		{534567A0-5D2C-4849-AC6A-D3D3C34686D2}.Debug|x64.ActiveCfg = Debug|x64
		{534567A0-5D2C-4849-AC6A-D3D3C34686D2}.Debug|x64.Build.0 = Debug|x64
		{534567A0-5D2C-4849-AC6A-D3D3C34686D2}.Debug|x86.ActiveCfg = Debug|Win32
		{534567A0-5D2C-4849-AC6A-D3D3C34686D2}.Debug|x86.Build.0 = Debug|Win32
		{534567A0-5D2C-4849-AC6A-D3D3C34686D2}.Release|x64.ActiveCfg = Release|x64
		{534567A0-5D2C-4849-AC6A-D3D3C34686D2}.Release|x64.Build.0 = Release|x64
		{534567A0-5D2C-4849-AC6A-D3D3C34686D2}.Release|x86.ActiveCfg = Release|Win32
		{534567A0-5D2C-4849-AC6A-D3D3C34686D2}.Release|x86.Build.0 = Release|Win32
	EndGlobalSection
	GlobalSection(SolutionProperties) = preSolution
		HideSolutionNode = FALSE
	EndGlobalSection
	GlobalSection(ExtensibilityGlobals) = postSolution
		SolutionGuid = {38B4F684-7A37-4406-8B0E-FA7AB7460F23}
	EndGlobalSection
EndGlobal
