
Microsoft Visual Studio Solution File, Format Version 12.00
# Visual Studio Version 17
VisualStudioVersion = 17.7.34009.444
MinimumVisualStudioVersion = 10.0.40219.1
Project("{8BC9CEB8-8B4A-11D0-8D11-00A0C91BC942}") = "Code8-1_BinomialCo-Efficient", "Code8-1_BinomialCo-Efficient\Code8-1_BinomialCo-Efficient.vcxproj", "{B3647922-5DE8-4CC2-8BE7-62C9D2D7B5A6}"
EndProject
Project("{8BC9CEB8-8B4A-11D0-8D11-00A0C91BC942}") = "Cde8-2_Mimoization-Bino", "Cde8-2_Mimoization-Bino\Cde8-2_Mimoization-Bino.vcxproj", "{A77EA081-18E5-4818-BAED-886DA98703F9}"
EndProject
Project("{8BC9CEB8-8B4A-11D0-8D11-00A0C91BC942}") = "Cdoe8-3_Mamozation-Example", "Cdoe8-3_Mamozation-Example\Cdoe8-3_Mamozation-Example.vcxproj", "{D8F5DC68-1B3C-4A7A-B124-90F7EE6E9553}"
EndProject
Project("{8BC9CEB8-8B4A-11D0-8D11-00A0C91BC942}") = "Code8-4_Recursion", "Code8-4_Recursion\Code8-4_Recursion.vcxproj", "{55B9116A-F47D-4E22-B4E6-1E7B596D5BF0}"
EndProject
Project("{8BC9CEB8-8B4A-11D0-8D11-00A0C91BC942}") = "Code8-5_JumpGame-DP", "Code8-5_JumpGame-DP\Code8-5_JumpGame-DP.vcxproj", "{EDB658BF-39AF-432F-971C-FED89C1AE581}"
EndProject
Project("{8BC9CEB8-8B4A-11D0-8D11-00A0C91BC942}") = "Code8-6_WildCard-RES", "Code8-6_WildCard-RES\Code8-6_WildCard-RES.vcxproj", "{3E1C4E50-AA46-40B0-89F8-1E2009267830}"
EndProject
Project("{8BC9CEB8-8B4A-11D0-8D11-00A0C91BC942}") = "Code8-7_WildCard-DP", "Code8-7_WildCard-DP\Code8-7_WildCard-DP.vcxproj", "{FDC4BD96-E62B-4F52-B5E7-827AEEF9E72C}"
EndProject
Project("{8BC9CEB8-8B4A-11D0-8D11-00A0C91BC942}") = "Code8-8_TrianglePath-Memoization", "Code8-8_TrianglePath-Memoization\Code8-8_TrianglePath-Memoization.vcxproj", "{2669932F-D162-4422-9650-CC633284CF78}"
EndProject
Project("{8BC9CEB8-8B4A-11D0-8D11-00A0C91BC942}") = "Code8-9_TrianglePath-DP", "Code8-9_TrianglePath-DP\Code8-9_TrianglePath-DP.vcxproj", "{56B252FC-173F-4D40-AB70-F7C71A35D58F}"
EndProject
Project("{8BC9CEB8-8B4A-11D0-8D11-00A0C91BC942}") = "Code8-10_LIS-RES", "Code8-10_LIS-RES\Code8-10_LIS-RES.vcxproj", "{C7DA4D3E-EB72-4E59-8B20-834B567642E0}"
EndProject
Project("{8BC9CEB8-8B4A-11D0-8D11-00A0C91BC942}") = "Code8-11_LIS-DP", "Code8-11_LIS-DP\Code8-11_LIS-DP.vcxproj", "{4A66292D-C873-4335-839F-33700AEACE3A}"
EndProject
Project("{8BC9CEB8-8B4A-11D0-8D11-00A0C91BC942}") = "Code8-12_LIS-DP2", "Code8-12_LIS-DP2\Code8-12_LIS-DP2.vcxproj", "{36077A8D-401F-45FA-A51A-628F5A82F4C6}"
EndProject
Project("{8BC9CEB8-8B4A-11D0-8D11-00A0C91BC942}") = "LIS-nlgn", "LIS-nlgn\LIS-nlgn.vcxproj", "{D23A2AC3-F09F-4C8E-AB20-796A75D02AAB}"
EndProject
Global
	GlobalSection(SolutionConfigurationPlatforms) = preSolution
		Debug|x64 = Debug|x64
		Debug|x86 = Debug|x86
		Release|x64 = Release|x64
		Release|x86 = Release|x86
	EndGlobalSection
	GlobalSection(ProjectConfigurationPlatforms) = postSolution
		{B3647922-5DE8-4CC2-8BE7-62C9D2D7B5A6}.Debug|x64.ActiveCfg = Debug|x64
		{B3647922-5DE8-4CC2-8BE7-62C9D2D7B5A6}.Debug|x64.Build.0 = Debug|x64
		{B3647922-5DE8-4CC2-8BE7-62C9D2D7B5A6}.Debug|x86.ActiveCfg = Debug|Win32
		{B3647922-5DE8-4CC2-8BE7-62C9D2D7B5A6}.Debug|x86.Build.0 = Debug|Win32
		{B3647922-5DE8-4CC2-8BE7-62C9D2D7B5A6}.Release|x64.ActiveCfg = Release|x64
		{B3647922-5DE8-4CC2-8BE7-62C9D2D7B5A6}.Release|x64.Build.0 = Release|x64
		{B3647922-5DE8-4CC2-8BE7-62C9D2D7B5A6}.Release|x86.ActiveCfg = Release|Win32
		{B3647922-5DE8-4CC2-8BE7-62C9D2D7B5A6}.Release|x86.Build.0 = Release|Win32
		{A77EA081-18E5-4818-BAED-886DA98703F9}.Debug|x64.ActiveCfg = Debug|x64
		{A77EA081-18E5-4818-BAED-886DA98703F9}.Debug|x64.Build.0 = Debug|x64
		{A77EA081-18E5-4818-BAED-886DA98703F9}.Debug|x86.ActiveCfg = Debug|Win32
		{A77EA081-18E5-4818-BAED-886DA98703F9}.Debug|x86.Build.0 = Debug|Win32
		{A77EA081-18E5-4818-BAED-886DA98703F9}.Release|x64.ActiveCfg = Release|x64
		{A77EA081-18E5-4818-BAED-886DA98703F9}.Release|x64.Build.0 = Release|x64
		{A77EA081-18E5-4818-BAED-886DA98703F9}.Release|x86.ActiveCfg = Release|Win32
		{A77EA081-18E5-4818-BAED-886DA98703F9}.Release|x86.Build.0 = Release|Win32
		{D8F5DC68-1B3C-4A7A-B124-90F7EE6E9553}.Debug|x64.ActiveCfg = Debug|x64
		{D8F5DC68-1B3C-4A7A-B124-90F7EE6E9553}.Debug|x64.Build.0 = Debug|x64
		{D8F5DC68-1B3C-4A7A-B124-90F7EE6E9553}.Debug|x86.ActiveCfg = Debug|Win32
		{D8F5DC68-1B3C-4A7A-B124-90F7EE6E9553}.Debug|x86.Build.0 = Debug|Win32
		{D8F5DC68-1B3C-4A7A-B124-90F7EE6E9553}.Release|x64.ActiveCfg = Release|x64
		{D8F5DC68-1B3C-4A7A-B124-90F7EE6E9553}.Release|x64.Build.0 = Release|x64
		{D8F5DC68-1B3C-4A7A-B124-90F7EE6E9553}.Release|x86.ActiveCfg = Release|Win32
		{D8F5DC68-1B3C-4A7A-B124-90F7EE6E9553}.Release|x86.Build.0 = Release|Win32
		{55B9116A-F47D-4E22-B4E6-1E7B596D5BF0}.Debug|x64.ActiveCfg = Debug|x64
		{55B9116A-F47D-4E22-B4E6-1E7B596D5BF0}.Debug|x64.Build.0 = Debug|x64
		{55B9116A-F47D-4E22-B4E6-1E7B596D5BF0}.Debug|x86.ActiveCfg = Debug|Win32
		{55B9116A-F47D-4E22-B4E6-1E7B596D5BF0}.Debug|x86.Build.0 = Debug|Win32
		{55B9116A-F47D-4E22-B4E6-1E7B596D5BF0}.Release|x64.ActiveCfg = Release|x64
		{55B9116A-F47D-4E22-B4E6-1E7B596D5BF0}.Release|x64.Build.0 = Release|x64
		{55B9116A-F47D-4E22-B4E6-1E7B596D5BF0}.Release|x86.ActiveCfg = Release|Win32
		{55B9116A-F47D-4E22-B4E6-1E7B596D5BF0}.Release|x86.Build.0 = Release|Win32
		{EDB658BF-39AF-432F-971C-FED89C1AE581}.Debug|x64.ActiveCfg = Debug|x64
		{EDB658BF-39AF-432F-971C-FED89C1AE581}.Debug|x64.Build.0 = Debug|x64
		{EDB658BF-39AF-432F-971C-FED89C1AE581}.Debug|x86.ActiveCfg = Debug|Win32
		{EDB658BF-39AF-432F-971C-FED89C1AE581}.Debug|x86.Build.0 = Debug|Win32
		{EDB658BF-39AF-432F-971C-FED89C1AE581}.Release|x64.ActiveCfg = Release|x64
		{EDB658BF-39AF-432F-971C-FED89C1AE581}.Release|x64.Build.0 = Release|x64
		{EDB658BF-39AF-432F-971C-FED89C1AE581}.Release|x86.ActiveCfg = Release|Win32
		{EDB658BF-39AF-432F-971C-FED89C1AE581}.Release|x86.Build.0 = Release|Win32
		{3E1C4E50-AA46-40B0-89F8-1E2009267830}.Debug|x64.ActiveCfg = Debug|x64
		{3E1C4E50-AA46-40B0-89F8-1E2009267830}.Debug|x64.Build.0 = Debug|x64
		{3E1C4E50-AA46-40B0-89F8-1E2009267830}.Debug|x86.ActiveCfg = Debug|Win32
		{3E1C4E50-AA46-40B0-89F8-1E2009267830}.Debug|x86.Build.0 = Debug|Win32
		{3E1C4E50-AA46-40B0-89F8-1E2009267830}.Release|x64.ActiveCfg = Release|x64
		{3E1C4E50-AA46-40B0-89F8-1E2009267830}.Release|x64.Build.0 = Release|x64
		{3E1C4E50-AA46-40B0-89F8-1E2009267830}.Release|x86.ActiveCfg = Release|Win32
		{3E1C4E50-AA46-40B0-89F8-1E2009267830}.Release|x86.Build.0 = Release|Win32
		{FDC4BD96-E62B-4F52-B5E7-827AEEF9E72C}.Debug|x64.ActiveCfg = Debug|x64
		{FDC4BD96-E62B-4F52-B5E7-827AEEF9E72C}.Debug|x64.Build.0 = Debug|x64
		{FDC4BD96-E62B-4F52-B5E7-827AEEF9E72C}.Debug|x86.ActiveCfg = Debug|Win32
		{FDC4BD96-E62B-4F52-B5E7-827AEEF9E72C}.Debug|x86.Build.0 = Debug|Win32
		{FDC4BD96-E62B-4F52-B5E7-827AEEF9E72C}.Release|x64.ActiveCfg = Release|x64
		{FDC4BD96-E62B-4F52-B5E7-827AEEF9E72C}.Release|x64.Build.0 = Release|x64
		{FDC4BD96-E62B-4F52-B5E7-827AEEF9E72C}.Release|x86.ActiveCfg = Release|Win32
		{FDC4BD96-E62B-4F52-B5E7-827AEEF9E72C}.Release|x86.Build.0 = Release|Win32
		{2669932F-D162-4422-9650-CC633284CF78}.Debug|x64.ActiveCfg = Debug|x64
		{2669932F-D162-4422-9650-CC633284CF78}.Debug|x64.Build.0 = Debug|x64
		{2669932F-D162-4422-9650-CC633284CF78}.Debug|x86.ActiveCfg = Debug|Win32
		{2669932F-D162-4422-9650-CC633284CF78}.Debug|x86.Build.0 = Debug|Win32
		{2669932F-D162-4422-9650-CC633284CF78}.Release|x64.ActiveCfg = Release|x64
		{2669932F-D162-4422-9650-CC633284CF78}.Release|x64.Build.0 = Release|x64
		{2669932F-D162-4422-9650-CC633284CF78}.Release|x86.ActiveCfg = Release|Win32
		{2669932F-D162-4422-9650-CC633284CF78}.Release|x86.Build.0 = Release|Win32
		{56B252FC-173F-4D40-AB70-F7C71A35D58F}.Debug|x64.ActiveCfg = Debug|x64
		{56B252FC-173F-4D40-AB70-F7C71A35D58F}.Debug|x64.Build.0 = Debug|x64
		{56B252FC-173F-4D40-AB70-F7C71A35D58F}.Debug|x86.ActiveCfg = Debug|Win32
		{56B252FC-173F-4D40-AB70-F7C71A35D58F}.Debug|x86.Build.0 = Debug|Win32
		{56B252FC-173F-4D40-AB70-F7C71A35D58F}.Release|x64.ActiveCfg = Release|x64
		{56B252FC-173F-4D40-AB70-F7C71A35D58F}.Release|x64.Build.0 = Release|x64
		{56B252FC-173F-4D40-AB70-F7C71A35D58F}.Release|x86.ActiveCfg = Release|Win32
		{56B252FC-173F-4D40-AB70-F7C71A35D58F}.Release|x86.Build.0 = Release|Win32
		{C7DA4D3E-EB72-4E59-8B20-834B567642E0}.Debug|x64.ActiveCfg = Debug|x64
		{C7DA4D3E-EB72-4E59-8B20-834B567642E0}.Debug|x64.Build.0 = Debug|x64
		{C7DA4D3E-EB72-4E59-8B20-834B567642E0}.Debug|x86.ActiveCfg = Debug|Win32
		{C7DA4D3E-EB72-4E59-8B20-834B567642E0}.Debug|x86.Build.0 = Debug|Win32
		{C7DA4D3E-EB72-4E59-8B20-834B567642E0}.Release|x64.ActiveCfg = Release|x64
		{C7DA4D3E-EB72-4E59-8B20-834B567642E0}.Release|x64.Build.0 = Release|x64
		{C7DA4D3E-EB72-4E59-8B20-834B567642E0}.Release|x86.ActiveCfg = Release|Win32
		{C7DA4D3E-EB72-4E59-8B20-834B567642E0}.Release|x86.Build.0 = Release|Win32
		{4A66292D-C873-4335-839F-33700AEACE3A}.Debug|x64.ActiveCfg = Debug|x64
		{4A66292D-C873-4335-839F-33700AEACE3A}.Debug|x64.Build.0 = Debug|x64
		{4A66292D-C873-4335-839F-33700AEACE3A}.Debug|x86.ActiveCfg = Debug|Win32
		{4A66292D-C873-4335-839F-33700AEACE3A}.Debug|x86.Build.0 = Debug|Win32
		{4A66292D-C873-4335-839F-33700AEACE3A}.Release|x64.ActiveCfg = Release|x64
		{4A66292D-C873-4335-839F-33700AEACE3A}.Release|x64.Build.0 = Release|x64
		{4A66292D-C873-4335-839F-33700AEACE3A}.Release|x86.ActiveCfg = Release|Win32
		{4A66292D-C873-4335-839F-33700AEACE3A}.Release|x86.Build.0 = Release|Win32
		{36077A8D-401F-45FA-A51A-628F5A82F4C6}.Debug|x64.ActiveCfg = Debug|x64
		{36077A8D-401F-45FA-A51A-628F5A82F4C6}.Debug|x64.Build.0 = Debug|x64
		{36077A8D-401F-45FA-A51A-628F5A82F4C6}.Debug|x86.ActiveCfg = Debug|Win32
		{36077A8D-401F-45FA-A51A-628F5A82F4C6}.Debug|x86.Build.0 = Debug|Win32
		{36077A8D-401F-45FA-A51A-628F5A82F4C6}.Release|x64.ActiveCfg = Release|x64
		{36077A8D-401F-45FA-A51A-628F5A82F4C6}.Release|x64.Build.0 = Release|x64
		{36077A8D-401F-45FA-A51A-628F5A82F4C6}.Release|x86.ActiveCfg = Release|Win32
		{36077A8D-401F-45FA-A51A-628F5A82F4C6}.Release|x86.Build.0 = Release|Win32
		{D23A2AC3-F09F-4C8E-AB20-796A75D02AAB}.Debug|x64.ActiveCfg = Debug|x64
		{D23A2AC3-F09F-4C8E-AB20-796A75D02AAB}.Debug|x64.Build.0 = Debug|x64
		{D23A2AC3-F09F-4C8E-AB20-796A75D02AAB}.Debug|x86.ActiveCfg = Debug|Win32
		{D23A2AC3-F09F-4C8E-AB20-796A75D02AAB}.Debug|x86.Build.0 = Debug|Win32
		{D23A2AC3-F09F-4C8E-AB20-796A75D02AAB}.Release|x64.ActiveCfg = Release|x64
		{D23A2AC3-F09F-4C8E-AB20-796A75D02AAB}.Release|x64.Build.0 = Release|x64
		{D23A2AC3-F09F-4C8E-AB20-796A75D02AAB}.Release|x86.ActiveCfg = Release|Win32
		{D23A2AC3-F09F-4C8E-AB20-796A75D02AAB}.Release|x86.Build.0 = Release|Win32
	EndGlobalSection
	GlobalSection(SolutionProperties) = preSolution
		HideSolutionNode = FALSE
	EndGlobalSection
	GlobalSection(ExtensibilityGlobals) = postSolution
		SolutionGuid = {A31C1126-4447-442F-88CF-86C6D7E44EEE}
	EndGlobalSection
EndGlobal
