
Microsoft Visual Studio Solution File, Format Version 12.00
# Visual Studio Version 17
VisualStudioVersion = 17.6.33801.468
MinimumVisualStudioVersion = 10.0.40219.1
Project("{8BC9CEB8-8B4A-11D0-8D11-00A0C91BC942}") = "Code6-1", "Code6-1\Code6-1.vcxproj", "{F06BE328-72D2-49D9-8951-1EF10D7FFC9D}"
EndProject
Project("{8BC9CEB8-8B4A-11D0-8D11-00A0C91BC942}") = "Code6-2", "Code6-2\Code6-2.vcxproj", "{8EF9043E-6454-4F9C-B47A-F09E571401E6}"
EndProject
Project("{8BC9CEB8-8B4A-11D0-8D11-00A0C91BC942}") = "Code6-3", "Code6-3\Code6-3.vcxproj", "{1018983A-8725-45E1-BD56-67F5588C657D}"
EndProject
Project("{8BC9CEB8-8B4A-11D0-8D11-00A0C91BC942}") = "Code6-4", "Code6-4\Code6-4.vcxproj", "{05454B31-77CC-462D-9041-686DA7EB3581}"
EndProject
Project("{8BC9CEB8-8B4A-11D0-8D11-00A0C91BC942}") = "Code6-5", "Code6-5\Code6-5.vcxproj", "{0C8DC28E-C946-46C5-99D0-AE13B89B0667}"
EndProject
Project("{8BC9CEB8-8B4A-11D0-8D11-00A0C91BC942}") = "Code6-6", "Code6-6\Code6-6.vcxproj", "{C9C7A5AF-0126-4FC8-9434-2F7F01F2FBB3}"
EndProject
Project("{8BC9CEB8-8B4A-11D0-8D11-00A0C91BC942}") = "Code6-2_Review", "Code6-2_Review\Code6-2_Review.vcxproj", "{19614483-7C34-4E96-8584-602DBF480EDE}"
EndProject
Project("{8BC9CEB8-8B4A-11D0-8D11-00A0C91BC942}") = "Code6-3_Review", "Code6-3_Review\Code6-3_Review.vcxproj", "{D65DEC11-2A80-4EF3-9731-76E65C38D39C}"
EndProject
Project("{8BC9CEB8-8B4A-11D0-8D11-00A0C91BC942}") = "Code6-4_Review", "Code6-4_Review\Code6-4_Review.vcxproj", "{7B4A0055-F768-45F0-B047-D792E1EB1DFC}"
EndProject
Project("{8BC9CEB8-8B4A-11D0-8D11-00A0C91BC942}") = "Code6-5_Review", "Code6-5_Review\Code6-5_Review.vcxproj", "{FC7F6D2F-CC49-4307-9CD1-FFE152D6134B}"
EndProject
Project("{8BC9CEB8-8B4A-11D0-8D11-00A0C91BC942}") = "Code6-7_TSP", "Code6-7_TSP\Code6-7_TSP.vcxproj", "{9A5D86C4-4B03-4849-9555-2C85F492E8CE}"
EndProject
Project("{8BC9CEB8-8B4A-11D0-8D11-00A0C91BC942}") = "Code6-8_ClockSync", "Code6-8_ClockSync\Code6-8_ClockSync.vcxproj", "{5D99A39C-6AA5-4BFF-B27E-AF51E8A00A0E}"
EndProject
Project("{8BC9CEB8-8B4A-11D0-8D11-00A0C91BC942}") = "Code6-7_TSP_Review", "Code6-7_TSP_Review\Code6-7_TSP_Review.vcxproj", "{0125D686-00FF-4192-89E9-F75CC355F12A}"
EndProject
Project("{8BC9CEB8-8B4A-11D0-8D11-00A0C91BC942}") = "Permutation", "Permutation\Permutation.vcxproj", "{B6ADEBB5-07CB-4DD1-9FCE-354766888D67}"
EndProject
Global
	GlobalSection(SolutionConfigurationPlatforms) = preSolution
		Debug|x64 = Debug|x64
		Debug|x86 = Debug|x86
		Release|x64 = Release|x64
		Release|x86 = Release|x86
	EndGlobalSection
	GlobalSection(ProjectConfigurationPlatforms) = postSolution
		{F06BE328-72D2-49D9-8951-1EF10D7FFC9D}.Debug|x64.ActiveCfg = Debug|x64
		{F06BE328-72D2-49D9-8951-1EF10D7FFC9D}.Debug|x64.Build.0 = Debug|x64
		{F06BE328-72D2-49D9-8951-1EF10D7FFC9D}.Debug|x86.ActiveCfg = Debug|Win32
		{F06BE328-72D2-49D9-8951-1EF10D7FFC9D}.Debug|x86.Build.0 = Debug|Win32
		{F06BE328-72D2-49D9-8951-1EF10D7FFC9D}.Release|x64.ActiveCfg = Release|x64
		{F06BE328-72D2-49D9-8951-1EF10D7FFC9D}.Release|x64.Build.0 = Release|x64
		{F06BE328-72D2-49D9-8951-1EF10D7FFC9D}.Release|x86.ActiveCfg = Release|Win32
		{F06BE328-72D2-49D9-8951-1EF10D7FFC9D}.Release|x86.Build.0 = Release|Win32
		{8EF9043E-6454-4F9C-B47A-F09E571401E6}.Debug|x64.ActiveCfg = Debug|x64
		{8EF9043E-6454-4F9C-B47A-F09E571401E6}.Debug|x64.Build.0 = Debug|x64
		{8EF9043E-6454-4F9C-B47A-F09E571401E6}.Debug|x86.ActiveCfg = Debug|Win32
		{8EF9043E-6454-4F9C-B47A-F09E571401E6}.Debug|x86.Build.0 = Debug|Win32
		{8EF9043E-6454-4F9C-B47A-F09E571401E6}.Release|x64.ActiveCfg = Release|x64
		{8EF9043E-6454-4F9C-B47A-F09E571401E6}.Release|x64.Build.0 = Release|x64
		{8EF9043E-6454-4F9C-B47A-F09E571401E6}.Release|x86.ActiveCfg = Release|Win32
		{8EF9043E-6454-4F9C-B47A-F09E571401E6}.Release|x86.Build.0 = Release|Win32
		{1018983A-8725-45E1-BD56-67F5588C657D}.Debug|x64.ActiveCfg = Debug|x64
		{1018983A-8725-45E1-BD56-67F5588C657D}.Debug|x64.Build.0 = Debug|x64
		{1018983A-8725-45E1-BD56-67F5588C657D}.Debug|x86.ActiveCfg = Debug|Win32
		{1018983A-8725-45E1-BD56-67F5588C657D}.Debug|x86.Build.0 = Debug|Win32
		{1018983A-8725-45E1-BD56-67F5588C657D}.Release|x64.ActiveCfg = Release|x64
		{1018983A-8725-45E1-BD56-67F5588C657D}.Release|x64.Build.0 = Release|x64
		{1018983A-8725-45E1-BD56-67F5588C657D}.Release|x86.ActiveCfg = Release|Win32
		{1018983A-8725-45E1-BD56-67F5588C657D}.Release|x86.Build.0 = Release|Win32
		{05454B31-77CC-462D-9041-686DA7EB3581}.Debug|x64.ActiveCfg = Debug|x64
		{05454B31-77CC-462D-9041-686DA7EB3581}.Debug|x64.Build.0 = Debug|x64
		{05454B31-77CC-462D-9041-686DA7EB3581}.Debug|x86.ActiveCfg = Debug|Win32
		{05454B31-77CC-462D-9041-686DA7EB3581}.Debug|x86.Build.0 = Debug|Win32
		{05454B31-77CC-462D-9041-686DA7EB3581}.Release|x64.ActiveCfg = Release|x64
		{05454B31-77CC-462D-9041-686DA7EB3581}.Release|x64.Build.0 = Release|x64
		{05454B31-77CC-462D-9041-686DA7EB3581}.Release|x86.ActiveCfg = Release|Win32
		{05454B31-77CC-462D-9041-686DA7EB3581}.Release|x86.Build.0 = Release|Win32
		{0C8DC28E-C946-46C5-99D0-AE13B89B0667}.Debug|x64.ActiveCfg = Debug|x64
		{0C8DC28E-C946-46C5-99D0-AE13B89B0667}.Debug|x64.Build.0 = Debug|x64
		{0C8DC28E-C946-46C5-99D0-AE13B89B0667}.Debug|x86.ActiveCfg = Debug|Win32
		{0C8DC28E-C946-46C5-99D0-AE13B89B0667}.Debug|x86.Build.0 = Debug|Win32
		{0C8DC28E-C946-46C5-99D0-AE13B89B0667}.Release|x64.ActiveCfg = Release|x64
		{0C8DC28E-C946-46C5-99D0-AE13B89B0667}.Release|x64.Build.0 = Release|x64
		{0C8DC28E-C946-46C5-99D0-AE13B89B0667}.Release|x86.ActiveCfg = Release|Win32
		{0C8DC28E-C946-46C5-99D0-AE13B89B0667}.Release|x86.Build.0 = Release|Win32
		{C9C7A5AF-0126-4FC8-9434-2F7F01F2FBB3}.Debug|x64.ActiveCfg = Debug|x64
		{C9C7A5AF-0126-4FC8-9434-2F7F01F2FBB3}.Debug|x64.Build.0 = Debug|x64
		{C9C7A5AF-0126-4FC8-9434-2F7F01F2FBB3}.Debug|x86.ActiveCfg = Debug|Win32
		{C9C7A5AF-0126-4FC8-9434-2F7F01F2FBB3}.Debug|x86.Build.0 = Debug|Win32
		{C9C7A5AF-0126-4FC8-9434-2F7F01F2FBB3}.Release|x64.ActiveCfg = Release|x64
		{C9C7A5AF-0126-4FC8-9434-2F7F01F2FBB3}.Release|x64.Build.0 = Release|x64
		{C9C7A5AF-0126-4FC8-9434-2F7F01F2FBB3}.Release|x86.ActiveCfg = Release|Win32
		{C9C7A5AF-0126-4FC8-9434-2F7F01F2FBB3}.Release|x86.Build.0 = Release|Win32
		{19614483-7C34-4E96-8584-602DBF480EDE}.Debug|x64.ActiveCfg = Debug|x64
		{19614483-7C34-4E96-8584-602DBF480EDE}.Debug|x64.Build.0 = Debug|x64
		{19614483-7C34-4E96-8584-602DBF480EDE}.Debug|x86.ActiveCfg = Debug|Win32
		{19614483-7C34-4E96-8584-602DBF480EDE}.Debug|x86.Build.0 = Debug|Win32
		{19614483-7C34-4E96-8584-602DBF480EDE}.Release|x64.ActiveCfg = Release|x64
		{19614483-7C34-4E96-8584-602DBF480EDE}.Release|x64.Build.0 = Release|x64
		{19614483-7C34-4E96-8584-602DBF480EDE}.Release|x86.ActiveCfg = Release|Win32
		{19614483-7C34-4E96-8584-602DBF480EDE}.Release|x86.Build.0 = Release|Win32
		{D65DEC11-2A80-4EF3-9731-76E65C38D39C}.Debug|x64.ActiveCfg = Debug|x64
		{D65DEC11-2A80-4EF3-9731-76E65C38D39C}.Debug|x64.Build.0 = Debug|x64
		{D65DEC11-2A80-4EF3-9731-76E65C38D39C}.Debug|x86.ActiveCfg = Debug|Win32
		{D65DEC11-2A80-4EF3-9731-76E65C38D39C}.Debug|x86.Build.0 = Debug|Win32
		{D65DEC11-2A80-4EF3-9731-76E65C38D39C}.Release|x64.ActiveCfg = Release|x64
		{D65DEC11-2A80-4EF3-9731-76E65C38D39C}.Release|x64.Build.0 = Release|x64
		{D65DEC11-2A80-4EF3-9731-76E65C38D39C}.Release|x86.ActiveCfg = Release|Win32
		{D65DEC11-2A80-4EF3-9731-76E65C38D39C}.Release|x86.Build.0 = Release|Win32
		{7B4A0055-F768-45F0-B047-D792E1EB1DFC}.Debug|x64.ActiveCfg = Debug|x64
		{7B4A0055-F768-45F0-B047-D792E1EB1DFC}.Debug|x64.Build.0 = Debug|x64
		{7B4A0055-F768-45F0-B047-D792E1EB1DFC}.Debug|x86.ActiveCfg = Debug|Win32
		{7B4A0055-F768-45F0-B047-D792E1EB1DFC}.Debug|x86.Build.0 = Debug|Win32
		{7B4A0055-F768-45F0-B047-D792E1EB1DFC}.Release|x64.ActiveCfg = Release|x64
		{7B4A0055-F768-45F0-B047-D792E1EB1DFC}.Release|x64.Build.0 = Release|x64
		{7B4A0055-F768-45F0-B047-D792E1EB1DFC}.Release|x86.ActiveCfg = Release|Win32
		{7B4A0055-F768-45F0-B047-D792E1EB1DFC}.Release|x86.Build.0 = Release|Win32
		{FC7F6D2F-CC49-4307-9CD1-FFE152D6134B}.Debug|x64.ActiveCfg = Debug|x64
		{FC7F6D2F-CC49-4307-9CD1-FFE152D6134B}.Debug|x64.Build.0 = Debug|x64
		{FC7F6D2F-CC49-4307-9CD1-FFE152D6134B}.Debug|x86.ActiveCfg = Debug|Win32
		{FC7F6D2F-CC49-4307-9CD1-FFE152D6134B}.Debug|x86.Build.0 = Debug|Win32
		{FC7F6D2F-CC49-4307-9CD1-FFE152D6134B}.Release|x64.ActiveCfg = Release|x64
		{FC7F6D2F-CC49-4307-9CD1-FFE152D6134B}.Release|x64.Build.0 = Release|x64
		{FC7F6D2F-CC49-4307-9CD1-FFE152D6134B}.Release|x86.ActiveCfg = Release|Win32
		{FC7F6D2F-CC49-4307-9CD1-FFE152D6134B}.Release|x86.Build.0 = Release|Win32
		{9A5D86C4-4B03-4849-9555-2C85F492E8CE}.Debug|x64.ActiveCfg = Debug|x64
		{9A5D86C4-4B03-4849-9555-2C85F492E8CE}.Debug|x64.Build.0 = Debug|x64
		{9A5D86C4-4B03-4849-9555-2C85F492E8CE}.Debug|x86.ActiveCfg = Debug|Win32
		{9A5D86C4-4B03-4849-9555-2C85F492E8CE}.Debug|x86.Build.0 = Debug|Win32
		{9A5D86C4-4B03-4849-9555-2C85F492E8CE}.Release|x64.ActiveCfg = Release|x64
		{9A5D86C4-4B03-4849-9555-2C85F492E8CE}.Release|x64.Build.0 = Release|x64
		{9A5D86C4-4B03-4849-9555-2C85F492E8CE}.Release|x86.ActiveCfg = Release|Win32
		{9A5D86C4-4B03-4849-9555-2C85F492E8CE}.Release|x86.Build.0 = Release|Win32
		{5D99A39C-6AA5-4BFF-B27E-AF51E8A00A0E}.Debug|x64.ActiveCfg = Debug|x64
		{5D99A39C-6AA5-4BFF-B27E-AF51E8A00A0E}.Debug|x64.Build.0 = Debug|x64
		{5D99A39C-6AA5-4BFF-B27E-AF51E8A00A0E}.Debug|x86.ActiveCfg = Debug|Win32
		{5D99A39C-6AA5-4BFF-B27E-AF51E8A00A0E}.Debug|x86.Build.0 = Debug|Win32
		{5D99A39C-6AA5-4BFF-B27E-AF51E8A00A0E}.Release|x64.ActiveCfg = Release|x64
		{5D99A39C-6AA5-4BFF-B27E-AF51E8A00A0E}.Release|x64.Build.0 = Release|x64
		{5D99A39C-6AA5-4BFF-B27E-AF51E8A00A0E}.Release|x86.ActiveCfg = Release|Win32
		{5D99A39C-6AA5-4BFF-B27E-AF51E8A00A0E}.Release|x86.Build.0 = Release|Win32
		{0125D686-00FF-4192-89E9-F75CC355F12A}.Debug|x64.ActiveCfg = Debug|x64
		{0125D686-00FF-4192-89E9-F75CC355F12A}.Debug|x64.Build.0 = Debug|x64
		{0125D686-00FF-4192-89E9-F75CC355F12A}.Debug|x86.ActiveCfg = Debug|Win32
		{0125D686-00FF-4192-89E9-F75CC355F12A}.Debug|x86.Build.0 = Debug|Win32
		{0125D686-00FF-4192-89E9-F75CC355F12A}.Release|x64.ActiveCfg = Release|x64
		{0125D686-00FF-4192-89E9-F75CC355F12A}.Release|x64.Build.0 = Release|x64
		{0125D686-00FF-4192-89E9-F75CC355F12A}.Release|x86.ActiveCfg = Release|Win32
		{0125D686-00FF-4192-89E9-F75CC355F12A}.Release|x86.Build.0 = Release|Win32
		{B6ADEBB5-07CB-4DD1-9FCE-354766888D67}.Debug|x64.ActiveCfg = Debug|x64
		{B6ADEBB5-07CB-4DD1-9FCE-354766888D67}.Debug|x64.Build.0 = Debug|x64
		{B6ADEBB5-07CB-4DD1-9FCE-354766888D67}.Debug|x86.ActiveCfg = Debug|Win32
		{B6ADEBB5-07CB-4DD1-9FCE-354766888D67}.Debug|x86.Build.0 = Debug|Win32
		{B6ADEBB5-07CB-4DD1-9FCE-354766888D67}.Release|x64.ActiveCfg = Release|x64
		{B6ADEBB5-07CB-4DD1-9FCE-354766888D67}.Release|x64.Build.0 = Release|x64
		{B6ADEBB5-07CB-4DD1-9FCE-354766888D67}.Release|x86.ActiveCfg = Release|Win32
		{B6ADEBB5-07CB-4DD1-9FCE-354766888D67}.Release|x86.Build.0 = Release|Win32
	EndGlobalSection
	GlobalSection(SolutionProperties) = preSolution
		HideSolutionNode = FALSE
	EndGlobalSection
	GlobalSection(ExtensibilityGlobals) = postSolution
		SolutionGuid = {0A978427-7D68-44C6-9E9B-A9C6F44DA1C3}
	EndGlobalSection
EndGlobal
